
Microsoft Visual Studio Solution File, Format Version 12.00
# Visual Studio Version 17
VisualStudioVersion = 17.9.34728.123
MinimumVisualStudioVersion = 10.0.40219.1
Project("{FAE04EC0-301F-11D3-BF4B-00C04F79EFBC}") = "Pervassive Copy Pasta", "Pervassive Copy Pasta\Pervassive Copy Pasta.csproj", "{48D579B1-7A88-4E16-9F81-25ADA278CE98}"
EndProject
Global
	GlobalSection(SolutionConfigurationPlatforms) = preSolution
		Debug|Any CPU = Debug|Any CPU
		Release|Any CPU = Release|Any CPU
	EndGlobalSection
	GlobalSection(ProjectConfigurationPlatforms) = postSolution
		{48D579B1-7A88-4E16-9F81-25ADA278CE98}.Debug|Any CPU.ActiveCfg = Debug|Any CPU
		{48D579B1-7A88-4E16-9F81-25ADA278CE98}.Debug|Any CPU.Build.0 = Debug|Any CPU
		{48D579B1-7A88-4E16-9F81-25ADA278CE98}.Release|Any CPU.ActiveCfg = Release|Any CPU
		{48D579B1-7A88-4E16-9F81-25ADA278CE98}.Release|Any CPU.Build.0 = Release|Any CPU
	EndGlobalSection
	GlobalSection(SolutionProperties) = preSolution
		HideSolutionNode = FALSE
	EndGlobalSection
	GlobalSection(ExtensibilityGlobals) = postSolution
		SolutionGuid = {B8B5199B-B298-4EDF-BF74-1904A246A728}
	EndGlobalSection
EndGlobal
